
Microsoft Visual Studio Solution File, Format Version 12.00
Project("{FAE04EC0-301F-11D3-BF4B-00C04F79EFBC}") = "pull_riveting_ccd_mes", "pull_riveting_ccd_mes\pull_riveting_ccd_mes.csproj", "{5378B4B2-C0E9-44FE-9283-84F9497ED4AF}"
EndProject
Global
	GlobalSection(SolutionConfigurationPlatforms) = preSolution
		Debug|Any CPU = Debug|Any CPU
		Release|Any CPU = Release|Any CPU
	EndGlobalSection
	GlobalSection(ProjectConfigurationPlatforms) = postSolution
		{5378B4B2-C0E9-44FE-9283-84F9497ED4AF}.Debug|Any CPU.ActiveCfg = Debug|Any CPU
		{5378B4B2-C0E9-44FE-9283-84F9497ED4AF}.Debug|Any CPU.Build.0 = Debug|Any CPU
		{5378B4B2-C0E9-44FE-9283-84F9497ED4AF}.Release|Any CPU.ActiveCfg = Release|Any CPU
		{5378B4B2-C0E9-44FE-9283-84F9497ED4AF}.Release|Any CPU.Build.0 = Release|Any CPU
	EndGlobalSection
EndGlobal
